
Microsoft Visual Studio Solution File, Format Version 12.00
# Visual Studio 14
VisualStudioVersion = 14.0.25420.1
MinimumVisualStudioVersion = 10.0.40219.1
Project("{F184B08F-C81C-45F6-A57F-5ABD9991F28F}") = "Bwl.RPi.Camera", "Bwl.RPi.Camera\Bwl.RPi.Camera.vbproj", "{9C6217E4-AA6A-4F85-93F3-7B55E24D7C85}"
EndProject
Project("{F184B08F-C81C-45F6-A57F-5ABD9991F28F}") = "Bwl.RPi.Camera.Test", "Bwl.RPi.Camera.Test\Bwl.RPi.Camera.Test.vbproj", "{AE15D142-EE13-44BB-BF84-4147C8201D4B}"
EndProject
Global
	GlobalSection(SolutionConfigurationPlatforms) = preSolution
		Debug|Any CPU = Debug|Any CPU
		Release|Any CPU = Release|Any CPU
	EndGlobalSection
	GlobalSection(ProjectConfigurationPlatforms) = postSolution
		{9C6217E4-AA6A-4F85-93F3-7B55E24D7C85}.Debug|Any CPU.ActiveCfg = Debug|Any CPU
		{9C6217E4-AA6A-4F85-93F3-7B55E24D7C85}.Debug|Any CPU.Build.0 = Debug|Any CPU
		{9C6217E4-AA6A-4F85-93F3-7B55E24D7C85}.Release|Any CPU.ActiveCfg = Release|Any CPU
		{9C6217E4-AA6A-4F85-93F3-7B55E24D7C85}.Release|Any CPU.Build.0 = Release|Any CPU
		{AE15D142-EE13-44BB-BF84-4147C8201D4B}.Debug|Any CPU.ActiveCfg = Debug|Any CPU
		{AE15D142-EE13-44BB-BF84-4147C8201D4B}.Debug|Any CPU.Build.0 = Debug|Any CPU
		{AE15D142-EE13-44BB-BF84-4147C8201D4B}.Release|Any CPU.ActiveCfg = Release|Any CPU
		{AE15D142-EE13-44BB-BF84-4147C8201D4B}.Release|Any CPU.Build.0 = Release|Any CPU
	EndGlobalSection
	GlobalSection(SolutionProperties) = preSolution
		HideSolutionNode = FALSE
	EndGlobalSection
EndGlobal
